
Microsoft Visual Studio Solution File, Format Version 12.00
# Visual Studio Version 17
VisualStudioVersion = 17.6.33815.320
MinimumVisualStudioVersion = 10.0.40219.1
Project("{9A19103F-16F7-4668-BE54-9A1E7A4F7556}") = "Consumer", "Consumer\Consumer.csproj", "{386322F2-F9BF-4962-BB7C-492B1CFE75EF}"
EndProject
Project("{9A19103F-16F7-4668-BE54-9A1E7A4F7556}") = "Application", "Application\Application.csproj", "{C61AAC93-2FFC-428F-8615-57C41CEBC8EF}"
EndProject
Project("{9A19103F-16F7-4668-BE54-9A1E7A4F7556}") = "Infrastructure", "Infrastructure\Infrastructure.csproj", "{DE8AF9A8-F662-420B-864D-73E6B67D086E}"
EndProject
Project("{9A19103F-16F7-4668-BE54-9A1E7A4F7556}") = "Domain", "Domain\Domain.csproj", "{C2C0C7B3-50D5-42E2-90E9-D0931DB0C27E}"
EndProject
Project("{9A19103F-16F7-4668-BE54-9A1E7A4F7556}") = "Producer", "Producer\Producer.csproj", "{494B6700-E762-4FA4-813A-69658DDA8B12}"
EndProject
Project("{2150E333-8FDC-42A3-9474-1A3956D46DE8}") = "core", "core", "{4A951B37-4950-487C-95D5-0A22DC71151D}"
EndProject
Project("{2150E333-8FDC-42A3-9474-1A3956D46DE8}") = "tests", "tests", "{57E48C1C-B108-432F-8D12-2DB6E58A5B05}"
EndProject
Global
	GlobalSection(SolutionConfigurationPlatforms) = preSolution
		Debug|Any CPU = Debug|Any CPU
		Release|Any CPU = Release|Any CPU
	EndGlobalSection
	GlobalSection(ProjectConfigurationPlatforms) = postSolution
		{386322F2-F9BF-4962-BB7C-492B1CFE75EF}.Debug|Any CPU.ActiveCfg = Debug|Any CPU
		{386322F2-F9BF-4962-BB7C-492B1CFE75EF}.Debug|Any CPU.Build.0 = Debug|Any CPU
		{386322F2-F9BF-4962-BB7C-492B1CFE75EF}.Release|Any CPU.ActiveCfg = Release|Any CPU
		{386322F2-F9BF-4962-BB7C-492B1CFE75EF}.Release|Any CPU.Build.0 = Release|Any CPU
		{C61AAC93-2FFC-428F-8615-57C41CEBC8EF}.Debug|Any CPU.ActiveCfg = Debug|Any CPU
		{C61AAC93-2FFC-428F-8615-57C41CEBC8EF}.Debug|Any CPU.Build.0 = Debug|Any CPU
		{C61AAC93-2FFC-428F-8615-57C41CEBC8EF}.Release|Any CPU.ActiveCfg = Release|Any CPU
		{C61AAC93-2FFC-428F-8615-57C41CEBC8EF}.Release|Any CPU.Build.0 = Release|Any CPU
		{DE8AF9A8-F662-420B-864D-73E6B67D086E}.Debug|Any CPU.ActiveCfg = Debug|Any CPU
		{DE8AF9A8-F662-420B-864D-73E6B67D086E}.Debug|Any CPU.Build.0 = Debug|Any CPU
		{DE8AF9A8-F662-420B-864D-73E6B67D086E}.Release|Any CPU.ActiveCfg = Release|Any CPU
		{DE8AF9A8-F662-420B-864D-73E6B67D086E}.Release|Any CPU.Build.0 = Release|Any CPU
		{C2C0C7B3-50D5-42E2-90E9-D0931DB0C27E}.Debug|Any CPU.ActiveCfg = Debug|Any CPU
		{C2C0C7B3-50D5-42E2-90E9-D0931DB0C27E}.Debug|Any CPU.Build.0 = Debug|Any CPU
		{C2C0C7B3-50D5-42E2-90E9-D0931DB0C27E}.Release|Any CPU.ActiveCfg = Release|Any CPU
		{C2C0C7B3-50D5-42E2-90E9-D0931DB0C27E}.Release|Any CPU.Build.0 = Release|Any CPU
		{494B6700-E762-4FA4-813A-69658DDA8B12}.Debug|Any CPU.ActiveCfg = Debug|Any CPU
		{494B6700-E762-4FA4-813A-69658DDA8B12}.Debug|Any CPU.Build.0 = Debug|Any CPU
		{494B6700-E762-4FA4-813A-69658DDA8B12}.Release|Any CPU.ActiveCfg = Release|Any CPU
		{494B6700-E762-4FA4-813A-69658DDA8B12}.Release|Any CPU.Build.0 = Release|Any CPU
	EndGlobalSection
	GlobalSection(SolutionProperties) = preSolution
		HideSolutionNode = FALSE
	EndGlobalSection
	GlobalSection(NestedProjects) = preSolution
		{C61AAC93-2FFC-428F-8615-57C41CEBC8EF} = {4A951B37-4950-487C-95D5-0A22DC71151D}
		{DE8AF9A8-F662-420B-864D-73E6B67D086E} = {4A951B37-4950-487C-95D5-0A22DC71151D}
		{C2C0C7B3-50D5-42E2-90E9-D0931DB0C27E} = {4A951B37-4950-487C-95D5-0A22DC71151D}
	EndGlobalSection
	GlobalSection(ExtensibilityGlobals) = postSolution
		SolutionGuid = {3F922234-B2CD-44AF-AA09-4BB9A0C08F01}
	EndGlobalSection
EndGlobal
